
Microsoft Visual Studio Solution File, Format Version 12.00
# Visual Studio Version 18
VisualStudioVersion = 18.2.11415.280
MinimumVisualStudioVersion = 10.0.40219.1
Project("{2150E333-8FDC-42A3-9474-1A3956D46DE8}") = "src", "src", "{02EA681E-C7D8-13C7-8484-4AC65E1B71E8}"
EndProject
Project("{2150E333-8FDC-42A3-9474-1A3956D46DE8}") = "Core", "Core", "{184859EE-7EC4-4EDB-9D6A-8788770A94CC}"
EndProject
Project("{2150E333-8FDC-42A3-9474-1A3956D46DE8}") = "Infraestructure", "Infraestructure", "{185404CF-88DB-4AA8-801E-63163B5F4F86}"
EndProject
Project("{2150E333-8FDC-42A3-9474-1A3956D46DE8}") = "Presentation", "Presentation", "{FF3CD3A0-64C7-47FB-A21E-EC0CD6630672}"
EndProject
Project("{FAE04EC0-301F-11D3-BF4B-00C04F79EFBC}") = "Application", "Application\Application.csproj", "{6DF46874-6E98-4801-9FA3-678CD2BAD4F7}"
EndProject
Project("{FAE04EC0-301F-11D3-BF4B-00C04F79EFBC}") = "WebApi", "WebApi\WebApi.csproj", "{8D6B33C5-CEE1-20B5-A207-99CBB61F699C}"
EndProject
Project("{FAE04EC0-301F-11D3-BF4B-00C04F79EFBC}") = "Domain", "Domain\Domain.csproj", "{65D7802A-7CED-410F-851B-7CFE1FE665C6}"
EndProject
Project("{FAE04EC0-301F-11D3-BF4B-00C04F79EFBC}") = "Persistence", "Persistence\Persistence.csproj", "{FCBBF53A-F93A-4FD7-9C98-FF2FA38D3499}"
EndProject
Project("{FAE04EC0-301F-11D3-BF4B-00C04F79EFBC}") = "Shared", "Shared\Shared.csproj", "{450B2DBF-272A-4956-A109-7F0FBDDE369F}"
EndProject
Global
	GlobalSection(SolutionConfigurationPlatforms) = preSolution
		Debug|Any CPU = Debug|Any CPU
		Debug|x64 = Debug|x64
		Debug|x86 = Debug|x86
		Release|Any CPU = Release|Any CPU
		Release|x64 = Release|x64
		Release|x86 = Release|x86
	EndGlobalSection
	GlobalSection(ProjectConfigurationPlatforms) = postSolution
		{6DF46874-6E98-4801-9FA3-678CD2BAD4F7}.Debug|Any CPU.ActiveCfg = Debug|Any CPU
		{6DF46874-6E98-4801-9FA3-678CD2BAD4F7}.Debug|Any CPU.Build.0 = Debug|Any CPU
		{6DF46874-6E98-4801-9FA3-678CD2BAD4F7}.Debug|x64.ActiveCfg = Debug|Any CPU
		{6DF46874-6E98-4801-9FA3-678CD2BAD4F7}.Debug|x64.Build.0 = Debug|Any CPU
		{6DF46874-6E98-4801-9FA3-678CD2BAD4F7}.Debug|x86.ActiveCfg = Debug|Any CPU
		{6DF46874-6E98-4801-9FA3-678CD2BAD4F7}.Debug|x86.Build.0 = Debug|Any CPU
		{6DF46874-6E98-4801-9FA3-678CD2BAD4F7}.Release|Any CPU.ActiveCfg = Release|Any CPU
		{6DF46874-6E98-4801-9FA3-678CD2BAD4F7}.Release|Any CPU.Build.0 = Release|Any CPU
		{6DF46874-6E98-4801-9FA3-678CD2BAD4F7}.Release|x64.ActiveCfg = Release|Any CPU
		{6DF46874-6E98-4801-9FA3-678CD2BAD4F7}.Release|x64.Build.0 = Release|Any CPU
		{6DF46874-6E98-4801-9FA3-678CD2BAD4F7}.Release|x86.ActiveCfg = Release|Any CPU
		{6DF46874-6E98-4801-9FA3-678CD2BAD4F7}.Release|x86.Build.0 = Release|Any CPU
		{8D6B33C5-CEE1-20B5-A207-99CBB61F699C}.Debug|Any CPU.ActiveCfg = Debug|Any CPU
		{8D6B33C5-CEE1-20B5-A207-99CBB61F699C}.Debug|Any CPU.Build.0 = Debug|Any CPU
		{8D6B33C5-CEE1-20B5-A207-99CBB61F699C}.Debug|x64.ActiveCfg = Debug|Any CPU
		{8D6B33C5-CEE1-20B5-A207-99CBB61F699C}.Debug|x64.Build.0 = Debug|Any CPU
		{8D6B33C5-CEE1-20B5-A207-99CBB61F699C}.Debug|x86.ActiveCfg = Debug|Any CPU
		{8D6B33C5-CEE1-20B5-A207-99CBB61F699C}.Debug|x86.Build.0 = Debug|Any CPU
		{8D6B33C5-CEE1-20B5-A207-99CBB61F699C}.Release|Any CPU.ActiveCfg = Release|Any CPU
		{8D6B33C5-CEE1-20B5-A207-99CBB61F699C}.Release|Any CPU.Build.0 = Release|Any CPU
		{8D6B33C5-CEE1-20B5-A207-99CBB61F699C}.Release|x64.ActiveCfg = Release|Any CPU
		{8D6B33C5-CEE1-20B5-A207-99CBB61F699C}.Release|x64.Build.0 = Release|Any CPU
		{8D6B33C5-CEE1-20B5-A207-99CBB61F699C}.Release|x86.ActiveCfg = Release|Any CPU
		{8D6B33C5-CEE1-20B5-A207-99CBB61F699C}.Release|x86.Build.0 = Release|Any CPU
		{65D7802A-7CED-410F-851B-7CFE1FE665C6}.Debug|Any CPU.ActiveCfg = Debug|Any CPU
		{65D7802A-7CED-410F-851B-7CFE1FE665C6}.Debug|Any CPU.Build.0 = Debug|Any CPU
		{65D7802A-7CED-410F-851B-7CFE1FE665C6}.Debug|x64.ActiveCfg = Debug|Any CPU
		{65D7802A-7CED-410F-851B-7CFE1FE665C6}.Debug|x64.Build.0 = Debug|Any CPU
		{65D7802A-7CED-410F-851B-7CFE1FE665C6}.Debug|x86.ActiveCfg = Debug|Any CPU
		{65D7802A-7CED-410F-851B-7CFE1FE665C6}.Debug|x86.Build.0 = Debug|Any CPU
		{65D7802A-7CED-410F-851B-7CFE1FE665C6}.Release|Any CPU.ActiveCfg = Release|Any CPU
		{65D7802A-7CED-410F-851B-7CFE1FE665C6}.Release|Any CPU.Build.0 = Release|Any CPU
		{65D7802A-7CED-410F-851B-7CFE1FE665C6}.Release|x64.ActiveCfg = Release|Any CPU
		{65D7802A-7CED-410F-851B-7CFE1FE665C6}.Release|x64.Build.0 = Release|Any CPU
		{65D7802A-7CED-410F-851B-7CFE1FE665C6}.Release|x86.ActiveCfg = Release|Any CPU
		{65D7802A-7CED-410F-851B-7CFE1FE665C6}.Release|x86.Build.0 = Release|Any CPU
		{FCBBF53A-F93A-4FD7-9C98-FF2FA38D3499}.Debug|Any CPU.ActiveCfg = Debug|Any CPU
		{FCBBF53A-F93A-4FD7-9C98-FF2FA38D3499}.Debug|Any CPU.Build.0 = Debug|Any CPU
		{FCBBF53A-F93A-4FD7-9C98-FF2FA38D3499}.Debug|x64.ActiveCfg = Debug|Any CPU
		{FCBBF53A-F93A-4FD7-9C98-FF2FA38D3499}.Debug|x64.Build.0 = Debug|Any CPU
		{FCBBF53A-F93A-4FD7-9C98-FF2FA38D3499}.Debug|x86.ActiveCfg = Debug|Any CPU
		{FCBBF53A-F93A-4FD7-9C98-FF2FA38D3499}.Debug|x86.Build.0 = Debug|Any CPU
		{FCBBF53A-F93A-4FD7-9C98-FF2FA38D3499}.Release|Any CPU.ActiveCfg = Release|Any CPU
		{FCBBF53A-F93A-4FD7-9C98-FF2FA38D3499}.Release|Any CPU.Build.0 = Release|Any CPU
		{FCBBF53A-F93A-4FD7-9C98-FF2FA38D3499}.Release|x64.ActiveCfg = Release|Any CPU
		{FCBBF53A-F93A-4FD7-9C98-FF2FA38D3499}.Release|x64.Build.0 = Release|Any CPU
		{FCBBF53A-F93A-4FD7-9C98-FF2FA38D3499}.Release|x86.ActiveCfg = Release|Any CPU
		{FCBBF53A-F93A-4FD7-9C98-FF2FA38D3499}.Release|x86.Build.0 = Release|Any CPU
		{450B2DBF-272A-4956-A109-7F0FBDDE369F}.Debug|Any CPU.ActiveCfg = Debug|Any CPU
		{450B2DBF-272A-4956-A109-7F0FBDDE369F}.Debug|Any CPU.Build.0 = Debug|Any CPU
		{450B2DBF-272A-4956-A109-7F0FBDDE369F}.Debug|x64.ActiveCfg = Debug|Any CPU
		{450B2DBF-272A-4956-A109-7F0FBDDE369F}.Debug|x64.Build.0 = Debug|Any CPU
		{450B2DBF-272A-4956-A109-7F0FBDDE369F}.Debug|x86.ActiveCfg = Debug|Any CPU
		{450B2DBF-272A-4956-A109-7F0FBDDE369F}.Debug|x86.Build.0 = Debug|Any CPU
		{450B2DBF-272A-4956-A109-7F0FBDDE369F}.Release|Any CPU.ActiveCfg = Release|Any CPU
		{450B2DBF-272A-4956-A109-7F0FBDDE369F}.Release|Any CPU.Build.0 = Release|Any CPU
		{450B2DBF-272A-4956-A109-7F0FBDDE369F}.Release|x64.ActiveCfg = Release|Any CPU
		{450B2DBF-272A-4956-A109-7F0FBDDE369F}.Release|x64.Build.0 = Release|Any CPU
		{450B2DBF-272A-4956-A109-7F0FBDDE369F}.Release|x86.ActiveCfg = Release|Any CPU
		{450B2DBF-272A-4956-A109-7F0FBDDE369F}.Release|x86.Build.0 = Release|Any CPU
	EndGlobalSection
	GlobalSection(SolutionProperties) = preSolution
		HideSolutionNode = FALSE
	EndGlobalSection
	GlobalSection(NestedProjects) = preSolution
		{184859EE-7EC4-4EDB-9D6A-8788770A94CC} = {02EA681E-C7D8-13C7-8484-4AC65E1B71E8}
		{185404CF-88DB-4AA8-801E-63163B5F4F86} = {02EA681E-C7D8-13C7-8484-4AC65E1B71E8}
		{FF3CD3A0-64C7-47FB-A21E-EC0CD6630672} = {02EA681E-C7D8-13C7-8484-4AC65E1B71E8}
		{6DF46874-6E98-4801-9FA3-678CD2BAD4F7} = {184859EE-7EC4-4EDB-9D6A-8788770A94CC}
		{8D6B33C5-CEE1-20B5-A207-99CBB61F699C} = {FF3CD3A0-64C7-47FB-A21E-EC0CD6630672}
		{65D7802A-7CED-410F-851B-7CFE1FE665C6} = {184859EE-7EC4-4EDB-9D6A-8788770A94CC}
		{FCBBF53A-F93A-4FD7-9C98-FF2FA38D3499} = {185404CF-88DB-4AA8-801E-63163B5F4F86}
		{450B2DBF-272A-4956-A109-7F0FBDDE369F} = {185404CF-88DB-4AA8-801E-63163B5F4F86}
	EndGlobalSection
	GlobalSection(ExtensibilityGlobals) = postSolution
		SolutionGuid = {DD7DF3C1-B7F2-49A2-AB49-4A97620A2144}
	EndGlobalSection
EndGlobal
